
Microsoft Visual Studio Solution File, Format Version 12.00
# Visual Studio Version 16
VisualStudioVersion = 16.0.31005.135
MinimumVisualStudioVersion = 10.0.40219.1
Project("{FAE04EC0-301F-11D3-BF4B-00C04F79EFBC}") = "Project Alpha", "Project Alpha\Project Alpha.csproj", "{BF2DEDD9-181A-445A-A44F-25B2A50634DA}"
EndProject
Global
	GlobalSection(SolutionConfigurationPlatforms) = preSolution
		Debug|Any CPU = Debug|Any CPU
		Release|Any CPU = Release|Any CPU
	EndGlobalSection
	GlobalSection(ProjectConfigurationPlatforms) = postSolution
		{BF2DEDD9-181A-445A-A44F-25B2A50634DA}.Debug|Any CPU.ActiveCfg = Debug|Any CPU
		{BF2DEDD9-181A-445A-A44F-25B2A50634DA}.Debug|Any CPU.Build.0 = Debug|Any CPU
		{BF2DEDD9-181A-445A-A44F-25B2A50634DA}.Release|Any CPU.ActiveCfg = Release|Any CPU
		{BF2DEDD9-181A-445A-A44F-25B2A50634DA}.Release|Any CPU.Build.0 = Release|Any CPU
	EndGlobalSection
	GlobalSection(SolutionProperties) = preSolution
		HideSolutionNode = FALSE
	EndGlobalSection
	GlobalSection(ExtensibilityGlobals) = postSolution
		SolutionGuid = {F7B4902B-3B19-41CE-BE91-03EB77184AE2}
	EndGlobalSection
EndGlobal
